// !$*UTF8*$!
{
	archiveVersion = 1;
	classes = {
	};
	objectVersion = 50;
	objects = {

/* Begin PBXBuildFile section */
		759BF7872361AE5600D3A47B /* AppDelegate.swift in Sources */ = {isa = PBXBuildFile; fileRef = 759BF7862361AE5600D3A47B /* AppDelegate.swift */; };
		759BF7892361AE5600D3A47B /* SceneDelegate.swift in Sources */ = {isa = PBXBuildFile; fileRef = 759BF7882361AE5600D3A47B /* SceneDelegate.swift */; };
		759BF78B2361AE5600D3A47B /* ContentView.swift in Sources */ = {isa = PBXBuildFile; fileRef = 759BF78A2361AE5600D3A47B /* ContentView.swift */; };
		759BF78D2361AE5800D3A47B /* Assets.xcassets in Resources */ = {isa = PBXBuildFile; fileRef = 759BF78C2361AE5800D3A47B /* Assets.xcassets */; };
		759BF7902361AE5800D3A47B /* Preview Assets.xcassets in Resources */ = {isa = PBXBuildFile; fileRef = 759BF78F2361AE5800D3A47B /* Preview Assets.xcassets */; };
		759BF7932361AE5800D3A47B /* LaunchScreen.storyboard in Resources */ = {isa = PBXBuildFile; fileRef = 759BF7912361AE5800D3A47B /* LaunchScreen.storyboard */; };
		759BF79C2361AEAA00D3A47B /* CircleImage.swift in Sources */ = {isa = PBXBuildFile; fileRef = 759BF79B2361AEAA00D3A47B /* CircleImage.swift */; };
		759BF79E2361B62200D3A47B /* SocialMedia.swift in Sources */ = {isa = PBXBuildFile; fileRef = 759BF79D2361B62200D3A47B /* SocialMedia.swift */; };
		759BF7A22361CFE900D3A47B /* WritingText.swift in Sources */ = {isa = PBXBuildFile; fileRef = 759BF7A12361CFE900D3A47B /* WritingText.swift */; };
		759BF7A42361D4DB00D3A47B /* PopText.swift in Sources */ = {isa = PBXBuildFile; fileRef = 759BF7A32361D4DB00D3A47B /* PopText.swift */; };
		759BF7A62361E70700D3A47B /* HeaderView.swift in Sources */ = {isa = PBXBuildFile; fileRef = 759BF7A52361E70700D3A47B /* HeaderView.swift */; };
		759BF7A82361EDF700D3A47B /* HeaderText.swift in Sources */ = {isa = PBXBuildFile; fileRef = 759BF7A72361EDF700D3A47B /* HeaderText.swift */; };
/* End PBXBuildFile section */

/* Begin PBXFileReference section */
		759BF7832361AE5600D3A47B /* Profilio.app */ = {isa = PBXFileReference; explicitFileType = wrapper.application; includeInIndex = 0; path = Profilio.app; sourceTree = BUILT_PRODUCTS_DIR; };
		759BF7862361AE5600D3A47B /* AppDelegate.swift */ = {isa = PBXFileReference; lastKnownFileType = sourcecode.swift; path = AppDelegate.swift; sourceTree = "<group>"; };
		759BF7882361AE5600D3A47B /* SceneDelegate.swift */ = {isa = PBXFileReference; lastKnownFileType = sourcecode.swift; path = SceneDelegate.swift; sourceTree = "<group>"; };
		759BF78A2361AE5600D3A47B /* ContentView.swift */ = {isa = PBXFileReference; lastKnownFileType = sourcecode.swift; path = ContentView.swift; sourceTree = "<group>"; };
		759BF78C2361AE5800D3A47B /* Assets.xcassets */ = {isa = PBXFileReference; lastKnownFileType = folder.assetcatalog; path = Assets.xcassets; sourceTree = "<group>"; };
		759BF78F2361AE5800D3A47B /* Preview Assets.xcassets */ = {isa = PBXFileReference; lastKnownFileType = folder.assetcatalog; path = "Preview Assets.xcassets"; sourceTree = "<group>"; };
		759BF7922361AE5800D3A47B /* Base */ = {isa = PBXFileReference; lastKnownFileType = file.storyboard; name = Base; path = Base.lproj/LaunchScreen.storyboard; sourceTree = "<group>"; };
		759BF7942361AE5800D3A47B /* Info.plist */ = {isa = PBXFileReference; lastKnownFileType = text.plist.xml; path = Info.plist; sourceTree = "<group>"; };
		759BF79B2361AEAA00D3A47B /* CircleImage.swift */ = {isa = PBXFileReference; lastKnownFileType = sourcecode.swift; path = CircleImage.swift; sourceTree = "<group>"; };
		759BF79D2361B62200D3A47B /* SocialMedia.swift */ = {isa = PBXFileReference; lastKnownFileType = sourcecode.swift; path = SocialMedia.swift; sourceTree = "<group>"; };
		759BF7A12361CFE900D3A47B /* WritingText.swift */ = {isa = PBXFileReference; lastKnownFileType = sourcecode.swift; path = WritingText.swift; sourceTree = "<group>"; };
		759BF7A32361D4DB00D3A47B /* PopText.swift */ = {isa = PBXFileReference; lastKnownFileType = sourcecode.swift; path = PopText.swift; sourceTree = "<group>"; };
		759BF7A52361E70700D3A47B /* HeaderView.swift */ = {isa = PBXFileReference; lastKnownFileType = sourcecode.swift; path = HeaderView.swift; sourceTree = "<group>"; };
		759BF7A72361EDF700D3A47B /* HeaderText.swift */ = {isa = PBXFileReference; lastKnownFileType = sourcecode.swift; path = HeaderText.swift; sourceTree = "<group>"; };
/* End PBXFileReference section */

/* Begin PBXFrameworksBuildPhase section */
		759BF7802361AE5600D3A47B /* Frameworks */ = {
			isa = PBXFrameworksBuildPhase;
			buildActionMask = 2147483647;
			files = (
			);
			runOnlyForDeploymentPostprocessing = 0;
		};
/* End PBXFrameworksBuildPhase section */

/* Begin PBXGroup section */
		759BF77A2361AE5600D3A47B = {
			isa = PBXGroup;
			children = (
				759BF7852361AE5600D3A47B /* Profilio */,
				759BF7842361AE5600D3A47B /* Products */,
			);
			sourceTree = "<group>";
		};
		759BF7842361AE5600D3A47B /* Products */ = {
			isa = PBXGroup;
			children = (
				759BF7832361AE5600D3A47B /* Profilio.app */,
			);
			name = Products;
			sourceTree = "<group>";
		};
		759BF7852361AE5600D3A47B /* Profilio */ = {
			isa = PBXGroup;
			children = (
				759BF79A2361AE8C00D3A47B /* Supporting views */,
				759BF7862361AE5600D3A47B /* AppDelegate.swift */,
				759BF7882361AE5600D3A47B /* SceneDelegate.swift */,
				759BF78A2361AE5600D3A47B /* ContentView.swift */,
				759BF78C2361AE5800D3A47B /* Assets.xcassets */,
				759BF7912361AE5800D3A47B /* LaunchScreen.storyboard */,
				759BF7942361AE5800D3A47B /* Info.plist */,
				759BF78E2361AE5800D3A47B /* Preview Content */,
			);
			path = Profilio;
			sourceTree = "<group>";
		};
		759BF78E2361AE5800D3A47B /* Preview Content */ = {
			isa = PBXGroup;
			children = (
				759BF78F2361AE5800D3A47B /* Preview Assets.xcassets */,
			);
			path = "Preview Content";
			sourceTree = "<group>";
		};
		759BF79A2361AE8C00D3A47B /* Supporting views */ = {
			isa = PBXGroup;
			children = (
				759BF79B2361AEAA00D3A47B /* CircleImage.swift */,
				759BF79D2361B62200D3A47B /* SocialMedia.swift */,
				759BF7A12361CFE900D3A47B /* WritingText.swift */,
				759BF7A32361D4DB00D3A47B /* PopText.swift */,
				759BF7A52361E70700D3A47B /* HeaderView.swift */,
				759BF7A72361EDF700D3A47B /* HeaderText.swift */,
			);
			path = "Supporting views";
			sourceTree = "<group>";
		};
/* End PBXGroup section */

/* Begin PBXNativeTarget section */
		759BF7822361AE5600D3A47B /* Profilio */ = {
			isa = PBXNativeTarget;
			buildConfigurationList = 759BF7972361AE5800D3A47B /* Build configuration list for PBXNativeTarget "Profilio" */;
			buildPhases = (
				759BF77F2361AE5600D3A47B /* Sources */,
				759BF7802361AE5600D3A47B /* Frameworks */,
				759BF7812361AE5600D3A47B /* Resources */,
			);
			buildRules = (
			);
			dependencies = (
			);
			name = Profilio;
			productName = Profilio;
			productReference = 759BF7832361AE5600D3A47B /* Profilio.app */;
			productType = "com.apple.product-type.application";
		};
/* End PBXNativeTarget section */

/* Begin PBXProject section */
		759BF77B2361AE5600D3A47B /* Project object */ = {
			isa = PBXProject;
			attributes = {
				LastSwiftUpdateCheck = 1100;
				LastUpgradeCheck = 1100;
				ORGANIZATIONNAME = "Vahid Ghanbarpour";
				TargetAttributes = {
					759BF7822361AE5600D3A47B = {
						CreatedOnToolsVersion = 11.0;
					};
				};
			};
			buildConfigurationList = 759BF77E2361AE5600D3A47B /* Build configuration list for PBXProject "Profilio" */;
			compatibilityVersion = "Xcode 9.3";
			developmentRegion = en;
			hasScannedForEncodings = 0;
			knownRegions = (
				en,
				Base,
			);
			mainGroup = 759BF77A2361AE5600D3A47B;
			productRefGroup = 759BF7842361AE5600D3A47B /* Products */;
			projectDirPath = "";
			projectRoot = "";
			targets = (
				759BF7822361AE5600D3A47B /* Profilio */,
			);
		};
/* End PBXProject section */

/* Begin PBXResourcesBuildPhase section */
		759BF7812361AE5600D3A47B /* Resources */ = {
			isa = PBXResourcesBuildPhase;
			buildActionMask = 2147483647;
			files = (
				759BF7932361AE5800D3A47B /* LaunchScreen.storyboard in Resources */,
				759BF7902361AE5800D3A47B /* Preview Assets.xcassets in Resources */,
				759BF78D2361AE5800D3A47B /* Assets.xcassets in Resources */,
			);
			runOnlyForDeploymentPostprocessing = 0;
		};
/* End PBXResourcesBuildPhase section */

/* Begin PBXSourcesBuildPhase section */
		759BF77F2361AE5600D3A47B /* Sources */ = {
			isa = PBXSourcesBuildPhase;
			buildActionMask = 2147483647;
			files = (
				759BF7872361AE5600D3A47B /* AppDelegate.swift in Sources */,
				759BF7A22361CFE900D3A47B /* WritingText.swift in Sources */,
				759BF79E2361B62200D3A47B /* SocialMedia.swift in Sources */,
				759BF7892361AE5600D3A47B /* SceneDelegate.swift in Sources */,
				759BF79C2361AEAA00D3A47B /* CircleImage.swift in Sources */,
				759BF78B2361AE5600D3A47B /* ContentView.swift in Sources */,
				759BF7A42361D4DB00D3A47B /* PopText.swift in Sources */,
				759BF7A62361E70700D3A47B /* HeaderView.swift in Sources */,
				759BF7A82361EDF700D3A47B /* HeaderText.swift in Sources */,
			);
			runOnlyForDeploymentPostprocessing = 0;
		};
/* End PBXSourcesBuildPhase section */

/* Begin PBXVariantGroup section */
		759BF7912361AE5800D3A47B /* LaunchScreen.storyboard */ = {
			isa = PBXVariantGroup;
			children = (
				759BF7922361AE5800D3A47B /* Base */,
			);
			name = LaunchScreen.storyboard;
			sourceTree = "<group>";
		};
/* End PBXVariantGroup section */

/* Begin XCBuildConfiguration section */
		759BF7952361AE5800D3A47B /* Debug */ = {
			isa = XCBuildConfiguration;
			buildSettings = {
				ALWAYS_SEARCH_USER_PATHS = NO;
				CLANG_ANALYZER_NONNULL = YES;
				CLANG_ANALYZER_NUMBER_OBJECT_CONVERSION = YES_AGGRESSIVE;
				CLANG_CXX_LANGUAGE_STANDARD = "gnu++14";
				CLANG_CXX_LIBRARY = "libc++";
				CLANG_ENABLE_MODULES = YES;
				CLANG_ENABLE_OBJC_ARC = YES;
				CLANG_ENABLE_OBJC_WEAK = YES;
				CLANG_WARN_BLOCK_CAPTURE_AUTORELEASING = YES;
				CLANG_WARN_BOOL_CONVERSION = YES;
				CLANG_WARN_COMMA = YES;
				CLANG_WARN_CONSTANT_CONVERSION = YES;
				CLANG_WARN_DEPRECATED_OBJC_IMPLEMENTATIONS = YES;
				CLANG_WARN_DIRECT_OBJC_ISA_USAGE = YES_ERROR;
				CLANG_WARN_DOCUMENTATION_COMMENTS = YES;
				CLANG_WARN_EMPTY_BODY = YES;
				CLANG_WARN_ENUM_CONVERSION = YES;
				CLANG_WARN_INFINITE_RECURSION = YES;
				CLANG_WARN_INT_CONVERSION = YES;
				CLANG_WARN_NON_LITERAL_NULL_CONVERSION = YES;
				CLANG_WARN_OBJC_IMPLICIT_RETAIN_SELF = YES;
				CLANG_WARN_OBJC_LITERAL_CONVERSION = YES;
				CLANG_WARN_OBJC_ROOT_CLASS = YES_ERROR;
				CLANG_WARN_RANGE_LOOP_ANALYSIS = YES;
				CLANG_WARN_STRICT_PROTOTYPES = YES;
				CLANG_WARN_SUSPICIOUS_MOVE = YES;
				CLANG_WARN_UNGUARDED_AVAILABILITY = YES_AGGRESSIVE;
				CLANG_WARN_UNREACHABLE_CODE = YES;
				CLANG_WARN__DUPLICATE_METHOD_MATCH = YES;
				COPY_PHASE_STRIP = NO;
				DEBUG_INFORMATION_FORMAT = dwarf;
				ENABLE_STRICT_OBJC_MSGSEND = YES;
				ENABLE_TESTABILITY = YES;
				GCC_C_LANGUAGE_STANDARD = gnu11;
				GCC_DYNAMIC_NO_PIC = NO;
				GCC_NO_COMMON_BLOCKS = YES;
				GCC_OPTIMIZATION_LEVEL = 0;
				GCC_PREPROCESSOR_DEFINITIONS = (
					"DEBUG=1",
					"$(inherited)",
				);
				GCC_WARN_64_TO_32_BIT_CONVERSION = YES;
				GCC_WARN_ABOUT_RETURN_TYPE = YES_ERROR;
				GCC_WARN_UNDECLARED_SELECTOR = YES;
				GCC_WARN_UNINITIALIZED_AUTOS = YES_AGGRESSIVE;
				GCC_WARN_UNUSED_FUNCTION = YES;
				GCC_WARN_UNUSED_VARIABLE = YES;
				IPHONEOS_DEPLOYMENT_TARGET = 13.0;
				MTL_ENABLE_DEBUG_INFO = INCLUDE_SOURCE;
				MTL_FAST_MATH = YES;
				ONLY_ACTIVE_ARCH = YES;
				SDKROOT = iphoneos;
				SWIFT_ACTIVE_COMPILATION_CONDITIONS = DEBUG;
				SWIFT_OPTIMIZATION_LEVEL = "-Onone";
			};
			name = Debug;
		};
		759BF7962361AE5800D3A47B /* Release */ = {
			isa = XCBuildConfiguration;
			buildSettings = {
				ALWAYS_SEARCH_USER_PATHS = NO;
				CLANG_ANALYZER_NONNULL = YES;
				CLANG_ANALYZER_NUMBER_OBJECT_CONVERSION = YES_AGGRESSIVE;
				CLANG_CXX_LANGUAGE_STANDARD = "gnu++14";
				CLANG_CXX_LIBRARY = "libc++";
				CLANG_ENABLE_MODULES = YES;
				CLANG_ENABLE_OBJC_ARC = YES;
				CLANG_ENABLE_OBJC_WEAK = YES;
				CLANG_WARN_BLOCK_CAPTURE_AUTORELEASING = YES;
				CLANG_WARN_BOOL_CONVERSION = YES;
				CLANG_WARN_COMMA = YES;
				CLANG_WARN_CONSTANT_CONVERSION = YES;
				CLANG_WARN_DEPRECATED_OBJC_IMPLEMENTATIONS = YES;
				CLANG_WARN_DIRECT_OBJC_ISA_USAGE = YES_ERROR;
				CLANG_WARN_DOCUMENTATION_COMMENTS = YES;
				CLANG_WARN_EMPTY_BODY = YES;
				CLANG_WARN_ENUM_CONVERSION = YES;
				CLANG_WARN_INFINITE_RECURSION = YES;
				CLANG_WARN_INT_CONVERSION = YES;
				CLANG_WARN_NON_LITERAL_NULL_CONVERSION = YES;
				CLANG_WARN_OBJC_IMPLICIT_RETAIN_SELF = YES;
				CLANG_WARN_OBJC_LITERAL_CONVERSION = YES;
				CLANG_WARN_OBJC_ROOT_CLASS = YES_ERROR;
				CLANG_WARN_RANGE_LOOP_ANALYSIS = YES;
				CLANG_WARN_STRICT_PROTOTYPES = YES;
				CLANG_WARN_SUSPICIOUS_MOVE = YES;
				CLANG_WARN_UNGUARDED_AVAILABILITY = YES_AGGRESSIVE;
				CLANG_WARN_UNREACHABLE_CODE = YES;
				CLANG_WARN__DUPLICATE_METHOD_MATCH = YES;
				COPY_PHASE_STRIP = NO;
				DEBUG_INFORMATION_FORMAT = "dwarf-with-dsym";
				ENABLE_NS_ASSERTIONS = NO;
				ENABLE_STRICT_OBJC_MSGSEND = YES;
				GCC_C_LANGUAGE_STANDARD = gnu11;
				GCC_NO_COMMON_BLOCKS = YES;
				GCC_WARN_64_TO_32_BIT_CONVERSION = YES;
				GCC_WARN_ABOUT_RETURN_TYPE = YES_ERROR;
				GCC_WARN_UNDECLARED_SELECTOR = YES;
				GCC_WARN_UNINITIALIZED_AUTOS = YES_AGGRESSIVE;
				GCC_WARN_UNUSED_FUNCTION = YES;
				GCC_WARN_UNUSED_VARIABLE = YES;
				IPHONEOS_DEPLOYMENT_TARGET = 13.0;
				MTL_ENABLE_DEBUG_INFO = NO;
				MTL_FAST_MATH = YES;
				SDKROOT = iphoneos;
				SWIFT_COMPILATION_MODE = wholemodule;
				SWIFT_OPTIMIZATION_LEVEL = "-O";
				VALIDATE_PRODUCT = YES;
			};
			name = Release;
		};
		759BF7982361AE5800D3A47B /* Debug */ = {
			isa = XCBuildConfiguration;
			buildSettings = {
				ASSETCATALOG_COMPILER_APPICON_NAME = AppIcon;
				CODE_SIGN_STYLE = Automatic;
				DEVELOPMENT_ASSET_PATHS = "\"Profilio/Preview Content\"";
				DEVELOPMENT_TEAM = W8U9KLFQF6;
				ENABLE_PREVIEWS = YES;
				INFOPLIST_FILE = Profilio/Info.plist;
				LD_RUNPATH_SEARCH_PATHS = (
					"$(inherited)",
					"@executable_path/Frameworks",
				);
				PRODUCT_BUNDLE_IDENTIFIER = vahidgr.Profilio;
				PRODUCT_NAME = "$(TARGET_NAME)";
				SWIFT_VERSION = 5.0;
				TARGETED_DEVICE_FAMILY = "1,2";
			};
			name = Debug;
		};
		759BF7992361AE5800D3A47B /* Release */ = {
			isa = XCBuildConfiguration;
			buildSettings = {
				ASSETCATALOG_COMPILER_APPICON_NAME = AppIcon;
				CODE_SIGN_STYLE = Automatic;
				DEVELOPMENT_ASSET_PATHS = "\"Profilio/Preview Content\"";
				DEVELOPMENT_TEAM = W8U9KLFQF6;
				ENABLE_PREVIEWS = YES;
				INFOPLIST_FILE = Profilio/Info.plist;
				LD_RUNPATH_SEARCH_PATHS = (
					"$(inherited)",
					"@executable_path/Frameworks",
				);
				PRODUCT_BUNDLE_IDENTIFIER = vahidgr.Profilio;
				PRODUCT_NAME = "$(TARGET_NAME)";
				SWIFT_VERSION = 5.0;
				TARGETED_DEVICE_FAMILY = "1,2";
			};
			name = Release;
		};
/* End XCBuildConfiguration section */

/* Begin XCConfigurationList section */
		759BF77E2361AE5600D3A47B /* Build configuration list for PBXProject "Profilio" */ = {
			isa = XCConfigurationList;
			buildConfigurations = (
				759BF7952361AE5800D3A47B /* Debug */,
				759BF7962361AE5800D3A47B /* Release */,
			);
			defaultConfigurationIsVisible = 0;
			defaultConfigurationName = Release;
		};
		759BF7972361AE5800D3A47B /* Build configuration list for PBXNativeTarget "Profilio" */ = {
			isa = XCConfigurationList;
			buildConfigurations = (
				759BF7982361AE5800D3A47B /* Debug */,
				759BF7992361AE5800D3A47B /* Release */,
			);
			defaultConfigurationIsVisible = 0;
			defaultConfigurationName = Release;
		};
/* End XCConfigurationList section */
	};
	rootObject = 759BF77B2361AE5600D3A47B /* Project object */;
}
